
Microsoft Visual Studio Solution File, Format Version 12.00
# Visual Studio Version 17
VisualStudioVersion = 17.12.35506.116
MinimumVisualStudioVersion = 10.0.40219.1
Project("{FAE04EC0-301F-11D3-BF4B-00C04F79EFBC}") = "CleanArch.Domain", "CleanArch.Domain\CleanArch.Domain.csproj", "{0657C4C1-C459-4DE8-B1B7-347C23AE9C7A}"
EndProject
Project("{FAE04EC0-301F-11D3-BF4B-00C04F79EFBC}") = "CleanArch.Infra.Data", "CleanArch.Infra.Data\CleanArch.Infra.Data.csproj", "{295089F9-F561-4EE3-95DF-657BC5DDE2AF}"
EndProject
Project("{FAE04EC0-301F-11D3-BF4B-00C04F79EFBC}") = "CleanArch.Infra.Ioc", "CleanArch.Infra.Ioc\CleanArch.Infra.Ioc.csproj", "{A299B024-FE73-4E58-B642-D9DD32381079}"
EndProject
Project("{FAE04EC0-301F-11D3-BF4B-00C04F79EFBC}") = "CleanArch.Application", "CleanArch.Application\CleanArch.Application.csproj", "{F9BBF451-876C-45A2-BE91-AB8785DF1F0B}"
EndProject
Project("{FAE04EC0-301F-11D3-BF4B-00C04F79EFBC}") = "CleanArch.MVC", "CleanArch.MVC\CleanArch.MVC.csproj", "{D643411E-823C-4BC9-9DF3-F37DEED5BC4E}"
	ProjectSection(ProjectDependencies) = postProject
		{F9BBF451-876C-45A2-BE91-AB8785DF1F0B} = {F9BBF451-876C-45A2-BE91-AB8785DF1F0B}
	EndProjectSection
EndProject
Global
	GlobalSection(SolutionConfigurationPlatforms) = preSolution
		Debug|Any CPU = Debug|Any CPU
		Release|Any CPU = Release|Any CPU
	EndGlobalSection
	GlobalSection(ProjectConfigurationPlatforms) = postSolution
		{0657C4C1-C459-4DE8-B1B7-347C23AE9C7A}.Debug|Any CPU.ActiveCfg = Debug|Any CPU
		{0657C4C1-C459-4DE8-B1B7-347C23AE9C7A}.Debug|Any CPU.Build.0 = Debug|Any CPU
		{0657C4C1-C459-4DE8-B1B7-347C23AE9C7A}.Release|Any CPU.ActiveCfg = Release|Any CPU
		{0657C4C1-C459-4DE8-B1B7-347C23AE9C7A}.Release|Any CPU.Build.0 = Release|Any CPU
		{295089F9-F561-4EE3-95DF-657BC5DDE2AF}.Debug|Any CPU.ActiveCfg = Debug|Any CPU
		{295089F9-F561-4EE3-95DF-657BC5DDE2AF}.Debug|Any CPU.Build.0 = Debug|Any CPU
		{295089F9-F561-4EE3-95DF-657BC5DDE2AF}.Release|Any CPU.ActiveCfg = Release|Any CPU
		{295089F9-F561-4EE3-95DF-657BC5DDE2AF}.Release|Any CPU.Build.0 = Release|Any CPU
		{A299B024-FE73-4E58-B642-D9DD32381079}.Debug|Any CPU.ActiveCfg = Debug|Any CPU
		{A299B024-FE73-4E58-B642-D9DD32381079}.Debug|Any CPU.Build.0 = Debug|Any CPU
		{A299B024-FE73-4E58-B642-D9DD32381079}.Release|Any CPU.ActiveCfg = Release|Any CPU
		{A299B024-FE73-4E58-B642-D9DD32381079}.Release|Any CPU.Build.0 = Release|Any CPU
		{F9BBF451-876C-45A2-BE91-AB8785DF1F0B}.Debug|Any CPU.ActiveCfg = Debug|Any CPU
		{F9BBF451-876C-45A2-BE91-AB8785DF1F0B}.Debug|Any CPU.Build.0 = Debug|Any CPU
		{F9BBF451-876C-45A2-BE91-AB8785DF1F0B}.Release|Any CPU.ActiveCfg = Release|Any CPU
		{F9BBF451-876C-45A2-BE91-AB8785DF1F0B}.Release|Any CPU.Build.0 = Release|Any CPU
		{D643411E-823C-4BC9-9DF3-F37DEED5BC4E}.Debug|Any CPU.ActiveCfg = Debug|Any CPU
		{D643411E-823C-4BC9-9DF3-F37DEED5BC4E}.Debug|Any CPU.Build.0 = Debug|Any CPU
		{D643411E-823C-4BC9-9DF3-F37DEED5BC4E}.Release|Any CPU.ActiveCfg = Release|Any CPU
		{D643411E-823C-4BC9-9DF3-F37DEED5BC4E}.Release|Any CPU.Build.0 = Release|Any CPU
	EndGlobalSection
	GlobalSection(SolutionProperties) = preSolution
		HideSolutionNode = FALSE
	EndGlobalSection
EndGlobal
